version = 1
revision = 2
requires-python = ">=3.7, <3.10"
resolution-markers = [
    "python_full_version >= '3.9' and platform_machine != 'aarch64' and platform_machine != 'arm64'",
    "python_full_version >= '3.9' and platform_machine == 'aarch64'",
    "python_full_version >= '3.9' and platform_machine == 'arm64'",
    "python_full_version == '3.8.*' and platform_machine != 'aarch64' and platform_machine != 'arm64'",
    "python_full_version == '3.8.*' and platform_machine == 'aarch64'",
    "python_full_version == '3.8.*' and platform_machine == 'arm64'",
    "python_full_version >= '3.7.1' and python_full_version < '3.8' and platform_machine != 'aarch64' and platform_machine != 'arm64'",
    "python_full_version >= '3.7.1' and python_full_version < '3.8' and platform_machine == 'aarch64'",
    "python_full_version >= '3.7.1' and python_full_version < '3.8' and platform_machine == 'arm64'",
    "python_full_version < '3.7.1'",
]

[[package]]
name = "joblib"
version = "1.3.2"
source = { registry = "https://pypi.org/simple" }
resolution-markers = [
    "python_full_version >= '3.7.1' and python_full_version < '3.8' and platform_machine != 'aarch64' and platform_machine != 'arm64'",
    "python_full_version >= '3.7.1' and python_full_version < '3.8' and platform_machine == 'aarch64'",
    "python_full_version >= '3.7.1' and python_full_version < '3.8' and platform_machine == 'arm64'",
    "python_full_version < '3.7.1'",
]
sdist = { url = "https://files.pythonhosted.org/packages/15/0f/d3b33b9f106dddef461f6df1872b7881321b247f3d255b87f61a7636f7fe/joblib-1.3.2.tar.gz", hash = "sha256:92f865e621e17784e7955080b6d042489e3b8e294949cc44c6eac304f59772b1", size = 1987720, upload-time = "2023-08-09T09:23:40.503Z" }
wheels = [
    { url = "https://files.pythonhosted.org/packages/10/40/d551139c85db202f1f384ba8bcf96aca2f329440a844f924c8a0040b6d02/joblib-1.3.2-py3-none-any.whl", hash = "sha256:ef4331c65f239985f3f2220ecc87db222f08fd22097a3dd5698f693875f8cbb9", size = 302207, upload-time = "2023-08-09T09:23:34.583Z" },
]

[[package]]
name = "joblib"
version = "1.4.2"
source = { registry = "https://pypi.org/simple" }
resolution-markers = [
    "python_full_version == '3.8.*' and platform_machine != 'aarch64' and platform_machine != 'arm64'",
    "python_full_version == '3.8.*' and platform_machine == 'aarch64'",
    "python_full_version == '3.8.*' and platform_machine == 'arm64'",
]
sdist = { url = "https://files.pythonhosted.org/packages/64/33/60135848598c076ce4b231e1b1895170f45fbcaeaa2c9d5e38b04db70c35/joblib-1.4.2.tar.gz", hash = "sha256:2382c5816b2636fbd20a09e0f4e9dad4736765fdfb7dca582943b9c1366b3f0e", size = 2116621, upload-time = "2024-05-02T12:15:05.765Z" }
wheels = [
    { url = "https://files.pythonhosted.org/packages/91/29/df4b9b42f2be0b623cbd5e2140cafcaa2bef0759a00b7b70104dcfe2fb51/joblib-1.4.2-py3-none-any.whl", hash = "sha256:06d478d5674cbc267e7496a410ee875abd68e4340feff4490bcb7afb88060ae6", size = 301817, upload-time = "2024-05-02T12:15:00.765Z" },
]

[[package]]
name = "joblib"
version = "1.5.1"
source = { registry = "https://pypi.org/simple" }
resolution-markers = [
    "python_full_version >= '3.9' and platform_machine != 'aarch64' and platform_machine != 'arm64'",
    "python_full_version >= '3.9' and platform_machine == 'aarch64'",
    "python_full_version >= '3.9' and platform_machine == 'arm64'",
]
sdist = { url = "https://files.pythonhosted.org/packages/dc/fe/0f5a938c54105553436dbff7a61dc4fed4b1b2c98852f8833beaf4d5968f/joblib-1.5.1.tar.gz", hash = "sha256:f4f86e351f39fe3d0d32a9f2c3d8af1ee4cec285aafcb27003dda5205576b444", size = 330475, upload-time = "2025-05-23T12:04:37.097Z" }
wheels = [
    { url = "https://files.pythonhosted.org/packages/7d/4f/1195bbac8e0c2acc5f740661631d8d750dc38d4a32b23ee5df3cde6f4e0d/joblib-1.5.1-py3-none-any.whl", hash = "sha256:4719a31f054c7d766948dcd83e9613686b27114f190f717cec7eaa2084f8a74a", size = 307746, upload-time = "2025-05-23T12:04:35.124Z" },
]

[[package]]
name = "numpy"
version = "1.19.2"
source = { registry = "https://pypi.org/simple" }
sdist = { url = "https://files.pythonhosted.org/packages/bf/e8/15aea783ea72e2d4e51e3ec365e8dc4a1a32c9e5eb3a6d695b0d58e67cdd/numpy-1.19.2.zip", hash = "sha256:0d310730e1e793527065ad7dde736197b705d0e4c9999775f212b03c44a8484c", size = 7310530, upload-time = "2020-09-10T18:08:42.078Z" }
wheels = [
    { url = "https://files.pythonhosted.org/packages/c1/a9/f04a5b7db30cc30b41fe516b8914c5049264490a34a49d977937606fbb23/numpy-1.19.2-cp37-cp37m-macosx_10_9_x86_64.whl", hash = "sha256:d526fa58ae4aead839161535d59ea9565863bb0b0bdb3cc63214613fb16aced4", size = 15280399, upload-time = "2020-09-10T17:54:19.784Z" },
    { url = "https://files.pythonhosted.org/packages/16/77/7fb992c1c31303ef2013bb77e9b71fddaaaa84debde090fb52579ba0871e/numpy-1.19.2-cp37-cp37m-manylinux1_i686.whl", hash = "sha256:eb25c381d168daf351147713f49c626030dcff7a393d5caa62515d415a6071d8", size = 11511160, upload-time = "2020-09-10T17:55:01.031Z" },
    { url = "https://files.pythonhosted.org/packages/d6/2e/a2dbcff6f46bb65645d18538d67183a1cf56b006ba96a12575c282a976bc/numpy-1.19.2-cp37-cp37m-manylinux1_x86_64.whl", hash = "sha256:62139af94728d22350a571b7c82795b9d59be77fc162414ada6c8b6a10ef5d02", size = 13361487, upload-time = "2020-09-10T17:55:47.934Z" },
    { url = "https://files.pythonhosted.org/packages/bf/12/ebfe2f88619cc5def0d3744b6cc95d599aaef0b7d86256084cdf818fb10d/numpy-1.19.2-cp37-cp37m-manylinux2010_i686.whl", hash = "sha256:0c66da1d202c52051625e55a249da35b31f65a81cb56e4c69af0dfb8fb0125bf", size = 12286075, upload-time = "2020-09-10T17:56:31.216Z" },
    { url = "https://files.pythonhosted.org/packages/9b/04/c3846024ddc7514cde17087f62f0502abf85c53e8f69f6312c70db6d144e/numpy-1.19.2-cp37-cp37m-manylinux2010_x86_64.whl", hash = "sha256:2117536e968abb7357d34d754e3733b0d7113d4c9f1d921f21a3d96dec5ff716", size = 14480927, upload-time = "2020-09-10T17:57:22.198Z" },
    { url = "https://files.pythonhosted.org/packages/ee/0c/eb599e1178b7db322f29218b31fb43ec00899c8ebe605e978ddb7719a6b3/numpy-1.19.2-cp37-cp37m-manylinux2014_aarch64.whl", hash = "sha256:54045b198aebf41bf6bf4088012777c1d11703bf74461d70cd350c0af2182e45", size = 12190367, upload-time = "2020-09-10T17:58:05.869Z" },
    { url = "https://files.pythonhosted.org/packages/75/5d/e8bb3a952f72176912b2d05f7da9775b1c9a7e78eae2f6dc8e9d84b031ef/numpy-1.19.2-cp37-cp37m-win32.whl", hash = "sha256:aba1d5daf1144b956bc87ffb87966791f5e9f3e1f6fab3d7f581db1f5b598f7a", size = 10900353, upload-time = "2020-09-10T17:58:44.594Z" },
    { url = "https://files.pythonhosted.org/packages/82/4e/61764556b7ec13f5bd441b04530e2f9f11bb164308ef0e6951919bb846cb/numpy-1.19.2-cp37-cp37m-win_amd64.whl", hash = "sha256:addaa551b298052c16885fc70408d3848d4e2e7352de4e7a1e13e691abc734c1", size = 12934355, upload-time = "2020-09-10T17:59:32.54Z" },
    { url = "https://files.pythonhosted.org/packages/33/1a/d10d1c23d21c289a3e87e751a9daf0907e91665cab08d0c35033fd4f5b55/numpy-1.19.2-cp38-cp38-macosx_10_9_x86_64.whl", hash = "sha256:58d66a6b3b55178a1f8a5fe98df26ace76260a70de694d99577ddeab7eaa9a9d", size = 15307425, upload-time = "2020-09-10T18:00:26.054Z" },
    { url = "https://files.pythonhosted.org/packages/73/b2/c5dab0a0bcb192d41811564b0417476f203265d9e73822ff4c44673d0753/numpy-1.19.2-cp38-cp38-manylinux1_i686.whl", hash = "sha256:59f3d687faea7a4f7f93bd9665e5b102f32f3fa28514f15b126f099b7997203d", size = 11503472, upload-time = "2020-09-10T18:01:07.386Z" },
    { url = "https://files.pythonhosted.org/packages/41/6e/919522a6e1d067ddb5959c5716a659a05719e2f27487695d2a539b51d66e/numpy-1.19.2-cp38-cp38-manylinux1_x86_64.whl", hash = "sha256:cebd4f4e64cfe87f2039e4725781f6326a61f095bc77b3716502bed812b385a9", size = 13345426, upload-time = "2020-09-10T18:01:54.225Z" },
    { url = "https://files.pythonhosted.org/packages/80/f9/283e40b38a6491e4b8629a35181b03340109e8b8e81944c7e21a407e76d9/numpy-1.19.2-cp38-cp38-manylinux2010_i686.whl", hash = "sha256:c35a01777f81e7333bcf276b605f39c872e28295441c265cd0c860f4b40148c1", size = 12325670, upload-time = "2020-09-10T18:02:38.243Z" },
    { url = "https://files.pythonhosted.org/packages/b6/e1/2a184131468baa3894629785ff2f9edc6a1dd3b87d3b8b343d4e68e4d542/numpy-1.19.2-cp38-cp38-manylinux2010_x86_64.whl", hash = "sha256:d7ac33585e1f09e7345aa902c281bd777fdb792432d27fca857f39b70e5dd31c", size = 14531778, upload-time = "2020-09-10T18:03:29.608Z" },
    { url = "https://files.pythonhosted.org/packages/9c/16/c092faaaf8ce348243ad9e60345799945d83b62c8dd20f26ab0ad9ee4a09/numpy-1.19.2-cp38-cp38-manylinux2014_aarch64.whl", hash = "sha256:04c7d4ebc5ff93d9822075ddb1751ff392a4375e5885299445fcebf877f179d5", size = 12222903, upload-time = "2020-09-10T18:04:12.731Z" },
    { url = "https://files.pythonhosted.org/packages/e1/9d/836a92dc2b1cfbeeed869aa80501e03b423461d043366becb576e20ea6da/numpy-1.19.2-cp38-cp38-win32.whl", hash = "sha256:51ee93e1fac3fe08ef54ff1c7f329db64d8a9c5557e6c8e908be9497ac76374b", size = 10927282, upload-time = "2020-09-10T18:04:51.27Z" },
    { url = "https://files.pythonhosted.org/packages/69/89/d8fc61a51ded540bd4b8859510b4ae44a0762c8b61dd81eb2c36f5e853ef/numpy-1.19.2-cp38-cp38-win_amd64.whl", hash = "sha256:1669ec8e42f169ff715a904c9b2105b6640f3f2a4c4c2cb4920ae8b2785dac65", size = 12975533, upload-time = "2020-09-10T18:05:37.417Z" },
]

[[package]]
name = "pandas"
version = "1.1.5"
source = { registry = "https://pypi.org/simple" }
resolution-markers = [
    "python_full_version >= '3.9' and platform_machine == 'arm64'",
    "python_full_version == '3.8.*' and platform_machine == 'arm64'",
    "python_full_version >= '3.7.1' and python_full_version < '3.8' and platform_machine == 'arm64'",
    "python_full_version < '3.7.1'",
]
dependencies = [
    { name = "numpy", marker = "python_full_version < '3.7.1' or platform_machine == 'arm64'" },
    { name = "python-dateutil", marker = "python_full_version < '3.7.1' or platform_machine == 'arm64'" },
    { name = "pytz", marker = "python_full_version < '3.7.1' or platform_machine == 'arm64'" },
]
sdist = { url = "https://files.pythonhosted.org/packages/fb/e4/828bb9c2474ff6016e5ce96a78220d485436d5468c23068f4f6c2eb9cff8/pandas-1.1.5.tar.gz", hash = "sha256:f10fc41ee3c75a474d3bdf68d396f10782d013d7f67db99c0efbfd0acb99701b", size = 5229894, upload-time = "2020-12-07T15:11:10.49Z" }
wheels = [
    { url = "https://files.pythonhosted.org/packages/b5/ac/5ec0601ce698235cad8559dfe0ae5ace903a359d617a8c4c033f9879faf8/pandas-1.1.5-cp37-cp37m-macosx_10_9_x86_64.whl", hash = "sha256:26fa92d3ac743a149a31b21d6f4337b0594b6302ea5575b37af9ca9611e8981a", size = 9950654, upload-time = "2020-12-07T15:08:54.293Z" },
    { url = "https://files.pythonhosted.org/packages/12/ce/5da11d852dc0bacce86ec8abe802a6a55bfe20823845b4dc609b0280cf90/pandas-1.1.5-cp37-cp37m-manylinux1_i686.whl", hash = "sha256:c16d59c15d946111d2716856dd5479221c9e4f2f5c7bc2d617f39d870031e086", size = 9095405, upload-time = "2020-12-07T15:09:02.728Z" },
    { url = "https://files.pythonhosted.org/packages/fd/70/e8eee0cbddf926bf51958c7d6a86bc69167c300fa2ba8e592330a2377d1b/pandas-1.1.5-cp37-cp37m-manylinux1_x86_64.whl", hash = "sha256:3be7a7a0ca71a2640e81d9276f526bca63505850add10206d0da2e8a0a325dae", size = 9528950, upload-time = "2020-12-07T15:09:10.999Z" },
    { url = "https://files.pythonhosted.org/packages/82/13/44c05005f9eafda56651b9f27c2b89c803d78ca2136e43b72c0e7a5033ee/pandas-1.1.5-cp37-cp37m-manylinux2014_aarch64.whl", hash = "sha256:573fba5b05bf2c69271a32e52399c8de599e4a15ab7cec47d3b9c904125ab788", size = 9439516, upload-time = "2020-12-07T15:09:19.537Z" },
    { url = "https://files.pythonhosted.org/packages/e1/08/b059d45fc7a14ff9dcfa010324a3e79ff24a333cc0a81ae097accf236213/pandas-1.1.5-cp37-cp37m-win32.whl", hash = "sha256:21b5a2b033380adbdd36b3116faaf9a4663e375325831dac1b519a44f9e439bb", size = 7767532, upload-time = "2020-12-07T15:09:26.726Z" },
    { url = "https://files.pythonhosted.org/packages/47/17/5c4b04caa8fe1dca2aa940dcc00319aa77c84fbdb71f83869a0900cac660/pandas-1.1.5-cp37-cp37m-win_amd64.whl", hash = "sha256:24c7f8d4aee71bfa6401faeba367dd654f696a77151a8a28bc2013f7ced4af98", size = 8749370, upload-time = "2020-12-07T15:09:34.264Z" },
    { url = "https://files.pythonhosted.org/packages/d7/ce/fd9ccaf9c328ead3024950f0799d24fb4ad328d3949e21d68e2e2338df07/pandas-1.1.5-cp38-cp38-macosx_10_9_x86_64.whl", hash = "sha256:2860a97cbb25444ffc0088b457da0a79dc79f9c601238a3e0644312fcc14bf11", size = 10091168, upload-time = "2020-12-07T15:09:43.337Z" },
    { url = "https://files.pythonhosted.org/packages/ec/ae/416c4b26a1cbcc57640733b738189a66f1fc2be568bdc88a0356a5a7e33a/pandas-1.1.5-cp38-cp38-manylinux1_i686.whl", hash = "sha256:5008374ebb990dad9ed48b0f5d0038124c73748f5384cc8c46904dace27082d9", size = 9035568, upload-time = "2020-12-07T15:09:51.9Z" },
    { url = "https://files.pythonhosted.org/packages/f9/f4/ede7c643939c132b0692a737800747ce5ba0e8068af27730dfda936c9bf1/pandas-1.1.5-cp38-cp38-manylinux1_x86_64.whl", hash = "sha256:2c2f7c670ea4e60318e4b7e474d56447cf0c7d83b3c2a5405a0dbb2600b9c48e", size = 9328954, upload-time = "2020-12-07T15:10:00.109Z" },
    { url = "https://files.pythonhosted.org/packages/97/7f/865e78beaac43e57b7dd066cc28cd85a2b5687334188dbeca439bf13845b/pandas-1.1.5-cp38-cp38-manylinux2014_aarch64.whl", hash = "sha256:0a643bae4283a37732ddfcecab3f62dd082996021b980f580903f4e8e01b3c5b", size = 9647042, upload-time = "2020-12-07T15:10:08.56Z" },
    { url = "https://files.pythonhosted.org/packages/f4/b0/63aa0d048e4c3be3f0d2c3851cde44ce644bac3f527f9239df5ca15947d1/pandas-1.1.5-cp38-cp38-win32.whl", hash = "sha256:5447ea7af4005b0daf695a316a423b96374c9c73ffbd4533209c5ddc369e644b", size = 7897350, upload-time = "2020-12-07T15:10:15.748Z" },
    { url = "https://files.pythonhosted.org/packages/fd/f5/2b5dc56305fcb4bf0c176035ca1a2ed4fc2652362a8eb58f5b0d9bccfe22/pandas-1.1.5-cp38-cp38-win_amd64.whl", hash = "sha256:4c62e94d5d49db116bef1bd5c2486723a292d79409fc9abd51adf9e05329101d", size = 8950447, upload-time = "2020-12-07T15:10:23.694Z" },
    { url = "https://files.pythonhosted.org/packages/b3/4f/6a2bdef087388a59245976008e0e0b4297659fd9796112d85cce766c3cd1/pandas-1.1.5-cp39-cp39-macosx_10_9_x86_64.whl", hash = "sha256:731568be71fba1e13cae212c362f3d2ca8932e83cb1b85e3f1b4dd77d019254a", size = 10275477, upload-time = "2020-12-07T15:10:32.861Z" },
    { url = "https://files.pythonhosted.org/packages/69/c1/bf486a9d03e1658bbab5212315dd0df49ddaccaa69f81c0dc17820ede978/pandas-1.1.5-cp39-cp39-manylinux1_i686.whl", hash = "sha256:c61c043aafb69329d0f961b19faa30b1dab709dd34c9388143fc55680059e55a", size = 8965380, upload-time = "2020-12-07T15:10:41.801Z" },
    { url = "https://files.pythonhosted.org/packages/d0/e1/64f9c1fccd5eebdf177e917e5499b6da266c409b6eba75b93a8cd3b8ccee/pandas-1.1.5-cp39-cp39-manylinux1_x86_64.whl", hash = "sha256:2b1c6cd28a0dfda75c7b5957363333f01d370936e4c6276b7b8e696dd500582a", size = 9310065, upload-time = "2020-12-07T15:10:50.044Z" },
    { url = "https://files.pythonhosted.org/packages/19/96/6bd84872fcdf082c4a60b2b996a96cce13295da7198f38abd01c92d04bcb/pandas-1.1.5-cp39-cp39-win32.whl", hash = "sha256:c94ff2780a1fd89f190390130d6d36173ca59fcfb3fe0ff596f9a56518191ccb", size = 7868105, upload-time = "2020-12-07T15:10:57.24Z" },
    { url = "https://files.pythonhosted.org/packages/46/f9/d78955c88e045fa220392cc311e41764f8decf868594b5f92d8fa1d1b39e/pandas-1.1.5-cp39-cp39-win_amd64.whl", hash = "sha256:edda9bacc3843dfbeebaf7a701763e68e741b08fccb889c003b0a52f0ee95782", size = 8936158, upload-time = "2020-12-07T15:11:04.835Z" },
]

[[package]]
name = "pandas"
version = "1.3.5"
source = { registry = "https://pypi.org/simple" }
resolution-markers = [
    "python_full_version >= '3.9' and platform_machine != 'aarch64' and platform_machine != 'arm64'",
    "python_full_version >= '3.9' and platform_machine == 'aarch64'",
    "python_full_version == '3.8.*' and platform_machine != 'aarch64' and platform_machine != 'arm64'",
    "python_full_version == '3.8.*' and platform_machine == 'aarch64'",
    "python_full_version >= '3.7.1' and python_full_version < '3.8' and platform_machine != 'aarch64' and platform_machine != 'arm64'",
    "python_full_version >= '3.7.1' and python_full_version < '3.8' and platform_machine == 'aarch64'",
]
dependencies = [
    { name = "numpy", marker = "python_full_version >= '3.7.1' and platform_machine != 'arm64'" },
    { name = "python-dateutil", marker = "python_full_version >= '3.7.1' and platform_machine != 'arm64'" },
    { name = "pytz", marker = "python_full_version >= '3.7.1' and platform_machine != 'arm64'" },
]
sdist = { url = "https://files.pythonhosted.org/packages/99/f0/f99700ef327e51d291efdf4a6de29e685c4d198cbf8531541fc84d169e0e/pandas-1.3.5.tar.gz", hash = "sha256:1e4285f5de1012de20ca46b188ccf33521bff61ba5c5ebd78b4fb28e5416a9f1", size = 4736591, upload-time = "2021-12-12T14:46:59.173Z" }
wheels = [
    { url = "https://files.pythonhosted.org/packages/44/d9/fa9cb383b482b574e6926eabc437fe57b59908a7ed940612c8c308471872/pandas-1.3.5-cp37-cp37m-macosx_10_9_x86_64.whl", hash = "sha256:344295811e67f8200de2390093aeb3c8309f5648951b684d8db7eee7d1c81fb7", size = 11011237, upload-time = "2021-12-12T14:41:28.363Z" },
    { url = "https://files.pythonhosted.org/packages/8b/7e/67f85be335fd9de515c4efe90d2d4d4a545e97c713febd2d230b0bd945be/pandas-1.3.5-cp37-cp37m-manylinux_2_17_aarch64.manylinux2014_aarch64.whl", hash = "sha256:552020bf83b7f9033b57cbae65589c01e7ef1544416122da0c79140c93288f56", size = 10677966, upload-time = "2021-12-12T14:41:52.955Z" },
    { url = "https://files.pythonhosted.org/packages/3e/0c/23764c4635dcb0a784a787498d56847b90ebf974e65f4ab4053a5d97b1a5/pandas-1.3.5-cp37-cp37m-manylinux_2_17_x86_64.manylinux2014_x86_64.whl", hash = "sha256:5cce0c6bbeb266b0e39e35176ee615ce3585233092f685b6a82362523e59e5b4", size = 11285953, upload-time = "2021-12-12T14:42:21.045Z" },
    { url = "https://files.pythonhosted.org/packages/1f/09/9f2e2053a6fd149009105a67e129ceab3e140a7915be6cbd4b13612cd3fa/pandas-1.3.5-cp37-cp37m-manylinux_2_5_i686.manylinux1_i686.manylinux_2_17_i686.manylinux2014_i686.whl", hash = "sha256:7d28a3c65463fd0d0ba8bbb7696b23073efee0510783340a44b08f5e96ffce0c", size = 11380777, upload-time = "2021-12-12T14:42:47.575Z" },
    { url = "https://files.pythonhosted.org/packages/66/f3/b739d389ba70aeceb8e4eda1d7e7577b4fa44a7351d6d10fc5c6543bdb91/pandas-1.3.5-cp37-cp37m-win32.whl", hash = "sha256:a62949c626dd0ef7de11de34b44c6475db76995c2064e2d99c6498c3dba7fe58", size = 8929395, upload-time = "2021-12-12T14:43:05.92Z" },
    { url = "https://files.pythonhosted.org/packages/b2/56/f886ed6f1777ffa9d54c6e80231b69db8a1f52dcc33f5967b06a105dcfe0/pandas-1.3.5-cp37-cp37m-win_amd64.whl", hash = "sha256:8025750767e138320b15ca16d70d5cdc1886e8f9cc56652d89735c016cd8aea6", size = 9970412, upload-time = "2021-12-12T14:43:18.667Z" },
    { url = "https://files.pythonhosted.org/packages/c7/4f/154ccb493f76514a158b881c7c4995c8529b7d041612801eba633c2581bf/pandas-1.3.5-cp38-cp38-macosx_10_9_x86_64.whl", hash = "sha256:fe95bae4e2d579812865db2212bb733144e34d0c6785c0685329e5b60fcb85dd", size = 11179803, upload-time = "2021-12-12T14:43:31.76Z" },
    { url = "https://files.pythonhosted.org/packages/79/f3/d6ccc0699c540c0f9f6302a553eea1efd9133f2c2a746987a96bcc22c253/pandas-1.3.5-cp38-cp38-manylinux_2_17_aarch64.manylinux2014_aarch64.whl", hash = "sha256:5f261553a1e9c65b7a310302b9dbac31cf0049a51695c14ebe04e4bfd4a96f02", size = 10896053, upload-time = "2021-12-12T14:43:42.337Z" },
    { url = "https://files.pythonhosted.org/packages/a2/9b/c4879904ed1706883eb0b126f1f4baa0992dfd61ad2aac7a7af82f01b256/pandas-1.3.5-cp38-cp38-manylinux_2_17_x86_64.manylinux2014_x86_64.whl", hash = "sha256:8b6dbec5f3e6d5dc80dcfee250e0a2a652b3f28663492f7dab9a24416a48ac39", size = 11533670, upload-time = "2021-12-12T14:44:00.897Z" },
    { url = "https://files.pythonhosted.org/packages/5e/09/0ea554021747118e47002f99fbbd67fb1e8ed91c564aaab687a338a97177/pandas-1.3.5-cp38-cp38-manylinux_2_5_i686.manylinux1_i686.manylinux_2_17_i686.manylinux2014_i686.whl", hash = "sha256:d3bc49af96cd6285030a64779de5b3688633a07eb75c124b0747134a63f4c05f", size = 11632727, upload-time = "2021-12-12T14:44:11.819Z" },
    { url = "https://files.pythonhosted.org/packages/05/4a/abc3bd95179a45b1f29b1f973acde14bee48fab60bf483fa15e2521e013b/pandas-1.3.5-cp38-cp38-win32.whl", hash = "sha256:b6b87b2fb39e6383ca28e2829cddef1d9fc9e27e55ad91ca9c435572cdba51bf", size = 9082087, upload-time = "2021-12-12T14:44:22.902Z" },
    { url = "https://files.pythonhosted.org/packages/ba/9c/55bbffd9a2c55360eb2a1da5634f553d39db9df17da037989e2215c941b4/pandas-1.3.5-cp38-cp38-win_amd64.whl", hash = "sha256:a395692046fd8ce1edb4c6295c35184ae0c2bbe787ecbe384251da609e27edcb", size = 10192785, upload-time = "2021-12-12T14:44:35.364Z" },
    { url = "https://files.pythonhosted.org/packages/f6/56/4bad0852c2c7885c0b86e4344463969e1ffb91439479708e282eb87951c5/pandas-1.3.5-cp39-cp39-macosx_10_9_x86_64.whl", hash = "sha256:bd971a3f08b745a75a86c00b97f3007c2ea175951286cdda6abe543e687e5f2f", size = 11314167, upload-time = "2021-12-12T14:44:52.912Z" },
    { url = "https://files.pythonhosted.org/packages/c7/8d/e7c3bc1c0f10a6bcb399eae3f570eacda7bdf0044f30659c819bea5d659f/pandas-1.3.5-cp39-cp39-manylinux_2_17_aarch64.manylinux2014_aarch64.whl", hash = "sha256:37f06b59e5bc05711a518aa10beaec10942188dccb48918bb5ae602ccbc9f1a0", size = 10916021, upload-time = "2021-12-12T14:45:28.515Z" },
    { url = "https://files.pythonhosted.org/packages/a3/00/64d407c9ec379a252ba659eb5086ffe5550f83674a43eca680b4a0992eb2/pandas-1.3.5-cp39-cp39-manylinux_2_17_x86_64.manylinux2014_x86_64.whl", hash = "sha256:2c21778a688d3712d35710501f8001cdbf96eb70a7c587a3d5613573299fdca6", size = 11518536, upload-time = "2021-12-12T14:45:50.136Z" },
    { url = "https://files.pythonhosted.org/packages/e7/ef/bfac4ddfff7b3817fa75ff8e4defe60c2b534a79ad734ab5ff2634dd9575/pandas-1.3.5-cp39-cp39-manylinux_2_5_i686.manylinux1_i686.manylinux_2_17_i686.manylinux2014_i686.whl", hash = "sha256:3345343206546545bc26a05b4602b6a24385b5ec7c75cb6059599e3d56831da2", size = 11634519, upload-time = "2021-12-12T14:46:12.243Z" },
    { url = "https://files.pythonhosted.org/packages/02/b5/dbe37470c47b3e89c8aa6390ac4fd0baa76fc8b72126def9ddc71b77aeb3/pandas-1.3.5-cp39-cp39-win32.whl", hash = "sha256:c69406a2808ba6cf580c2255bcf260b3f214d2664a3a4197d0e640f573b46fd3", size = 9052239, upload-time = "2021-12-12T14:46:30.072Z" },
    { url = "https://files.pythonhosted.org/packages/17/81/8c5bdee74f7fb4edd8e58c3388954568a49230a61f6595020e7def31d889/pandas-1.3.5-cp39-cp39-win_amd64.whl", hash = "sha256:32e1a26d5ade11b547721a72f9bfc4bd113396947606e00d5b4a5b79b3dcb006", size = 10177282, upload-time = "2021-12-12T14:46:50.495Z" },
]

[[package]]
name = "psychosis-fc-prediction"
version = "0.1.0"
source = { virtual = "." }
dependencies = [
    { name = "numpy" },
    { name = "pandas", version = "1.1.5", source = { registry = "https://pypi.org/simple" }, marker = "python_full_version < '3.7.1' or platform_machine == 'arm64'" },
    { name = "pandas", version = "1.3.5", source = { registry = "https://pypi.org/simple" }, marker = "python_full_version >= '3.7.1' and platform_machine != 'arm64'" },
    { name = "scikit-learn" },
    { name = "scipy" },
    { name = "torch" },
]

[package.metadata]
requires-dist = [
    { name = "numpy", specifier = "==1.19.2" },
    { name = "pandas", specifier = ">=1.1.5" },
    { name = "scikit-learn", specifier = "==0.23.2" },
    { name = "scipy", specifier = "==1.7.3" },
    { name = "torch", specifier = "==1.7.1" },
]

[[package]]
name = "python-dateutil"
version = "2.9.0.post0"
source = { registry = "https://pypi.org/simple" }
dependencies = [
    { name = "six" },
]
sdist = { url = "https://files.pythonhosted.org/packages/66/c0/0c8b6ad9f17a802ee498c46e004a0eb49bc148f2fd230864601a86dcf6db/python-dateutil-2.9.0.post0.tar.gz", hash = "sha256:37dd54208da7e1cd875388217d5e00ebd4179249f90fb72437e91a35459a0ad3", size = 342432, upload-time = "2024-03-01T18:36:20.211Z" }
wheels = [
    { url = "https://files.pythonhosted.org/packages/ec/57/56b9bcc3c9c6a792fcbaf139543cee77261f3651ca9da0c93f5c1221264b/python_dateutil-2.9.0.post0-py2.py3-none-any.whl", hash = "sha256:a8b2bc7bffae282281c8140a97d3aa9c14da0b136dfe83f850eea9a5f7470427", size = 229892, upload-time = "2024-03-01T18:36:18.57Z" },
]

[[package]]
name = "pytz"
version = "2025.2"
source = { registry = "https://pypi.org/simple" }
sdist = { url = "https://files.pythonhosted.org/packages/f8/bf/abbd3cdfb8fbc7fb3d4d38d320f2441b1e7cbe29be4f23797b4a2b5d8aac/pytz-2025.2.tar.gz", hash = "sha256:360b9e3dbb49a209c21ad61809c7fb453643e048b38924c765813546746e81c3", size = 320884, upload-time = "2025-03-25T02:25:00.538Z" }
wheels = [
    { url = "https://files.pythonhosted.org/packages/81/c4/34e93fe5f5429d7570ec1fa436f1986fb1f00c3e0f43a589fe2bbcd22c3f/pytz-2025.2-py2.py3-none-any.whl", hash = "sha256:5ddf76296dd8c44c26eb8f4b6f35488f3ccbf6fbbd7adee0b7262d43f0ec2f00", size = 509225, upload-time = "2025-03-25T02:24:58.468Z" },
]

[[package]]
name = "scikit-learn"
version = "0.23.2"
source = { registry = "https://pypi.org/simple" }
dependencies = [
    { name = "joblib", version = "1.3.2", source = { registry = "https://pypi.org/simple" }, marker = "python_full_version < '3.8'" },
    { name = "joblib", version = "1.4.2", source = { registry = "https://pypi.org/simple" }, marker = "python_full_version == '3.8.*'" },
    { name = "joblib", version = "1.5.1", source = { registry = "https://pypi.org/simple" }, marker = "python_full_version >= '3.9'" },
    { name = "numpy" },
    { name = "scipy" },
    { name = "threadpoolctl", version = "3.1.0", source = { registry = "https://pypi.org/simple" }, marker = "python_full_version < '3.8'" },
    { name = "threadpoolctl", version = "3.5.0", source = { registry = "https://pypi.org/simple" }, marker = "python_full_version == '3.8.*'" },
    { name = "threadpoolctl", version = "3.6.0", source = { registry = "https://pypi.org/simple" }, marker = "python_full_version >= '3.9'" },
]
sdist = { url = "https://files.pythonhosted.org/packages/aa/f6/75297be19f48b7a8c2577753a3a700f98fc4db49d0e5ed3820dd8dee43d4/scikit-learn-0.23.2.tar.gz", hash = "sha256:20766f515e6cd6f954554387dfae705d93c7b544ec0e6c6a5d8e006f6f7ef480", size = 7155833, upload-time = "2020-08-04T13:00:37.682Z" }
wheels = [
    { url = "https://files.pythonhosted.org/packages/8f/e4/d5d59e76f274c7bf82707bb45cda9b2f1ef2874e66f80d53a91bca17374c/scikit_learn-0.23.2-cp37-cp37m-macosx_10_9_x86_64.whl", hash = "sha256:2aa95c2f17d2f80534156215c87bee72b6aa314a7f8b8fe92a2d71f47280570d", size = 7162239, upload-time = "2020-08-04T12:59:53.96Z" },
    { url = "https://files.pythonhosted.org/packages/fd/88/ed6add7e9fc9d3a55a59873e6948d7d3b7c12317dc8b8de36d706d38654b/scikit_learn-0.23.2-cp37-cp37m-manylinux1_i686.whl", hash = "sha256:6c28a1d00aae7c3c9568f61aafeaad813f0f01c729bee4fd9479e2132b215c1d", size = 6494641, upload-time = "2020-08-04T12:59:58.203Z" },
    { url = "https://files.pythonhosted.org/packages/f4/cb/64623369f348e9bfb29ff898a57ac7c91ed4921f228e9726546614d63ccb/scikit_learn-0.23.2-cp37-cp37m-manylinux1_x86_64.whl", hash = "sha256:da8e7c302003dd765d92a5616678e591f347460ac7b53e53d667be7dfe6d1b10", size = 6825396, upload-time = "2020-08-04T13:00:02.746Z" },
    { url = "https://files.pythonhosted.org/packages/af/89/73453581aeb9e0b8aac7cf6e9ba014af62b6128e5388e25eb0c7447fedbe/scikit_learn-0.23.2-cp37-cp37m-win32.whl", hash = "sha256:d9a1ce5f099f29c7c33181cc4386660e0ba891b21a60dc036bf369e3a3ee3aec", size = 5886236, upload-time = "2020-08-04T13:00:07.017Z" },
    { url = "https://files.pythonhosted.org/packages/92/db/8c50996186faed765392cb5ba495e8764643b71adbd168535baf0fcae5f1/scikit_learn-0.23.2-cp37-cp37m-win_amd64.whl", hash = "sha256:914ac2b45a058d3f1338d7736200f7f3b094857758895f8667be8a81ff443b5b", size = 6768362, upload-time = "2020-08-04T13:00:11.234Z" },
    { url = "https://files.pythonhosted.org/packages/a4/8f/473b2929d63b3e1eafc83e27300091c7822fb5939f259b3ad6a042297290/scikit_learn-0.23.2-cp38-cp38-macosx_10_9_x86_64.whl", hash = "sha256:7671bbeddd7f4f9a6968f3b5442dac5f22bf1ba06709ef888cc9132ad354a9ab", size = 7180257, upload-time = "2020-08-04T13:00:15.739Z" },
    { url = "https://files.pythonhosted.org/packages/61/5a/ae89fca28a134fc8cd7a60ff0622a10cb7b5709fa31a077b8646d5e6b81c/scikit_learn-0.23.2-cp38-cp38-manylinux1_i686.whl", hash = "sha256:d0dcaa54263307075cb93d0bee3ceb02821093b1b3d25f66021987d305d01dce", size = 6442277, upload-time = "2020-08-04T13:00:20.826Z" },
    { url = "https://files.pythonhosted.org/packages/7f/c1/e19f767594035028b6ab88010742300ce5fcbdfeff051fc9afffcbebf644/scikit_learn-0.23.2-cp38-cp38-manylinux1_x86_64.whl", hash = "sha256:5ce7a8021c9defc2b75620571b350acc4a7d9763c25b7593621ef50f3bd019a2", size = 6757586, upload-time = "2020-08-04T13:00:25.126Z" },
    { url = "https://files.pythonhosted.org/packages/f4/f1/eb2c04ec65461cbf292293908d8cddc05dadce164f94b45345cc4807f812/scikit_learn-0.23.2-cp38-cp38-win32.whl", hash = "sha256:0d39748e7c9669ba648acf40fb3ce96b8a07b240db6888563a7cb76e05e0d9cc", size = 5952546, upload-time = "2020-08-04T13:00:29.073Z" },
    { url = "https://files.pythonhosted.org/packages/d6/04/ea17391926a03db3dd7c41d2090b7f4394b3be4be55fef49d6a5a6f3d796/scikit_learn-0.23.2-cp38-cp38-win_amd64.whl", hash = "sha256:1b8a391de95f6285a2f9adffb7db0892718950954b7149a70c783dc848f104ea", size = 6830999, upload-time = "2020-08-04T13:00:33.178Z" },
]

[[package]]
name = "scipy"
version = "1.7.3"
source = { registry = "https://pypi.org/simple" }
dependencies = [
    { name = "numpy" },
]
sdist = { url = "https://files.pythonhosted.org/packages/61/67/1a654b96309c991762ee9bc39c363fc618076b155fe52d295211cf2536c7/scipy-1.7.3.tar.gz", hash = "sha256:ab5875facfdef77e0a47d5fd39ea178b58e60e454a4c85aa1e52fcb80db7babf", size = 36102562, upload-time = "2021-11-24T16:14:11.065Z" }
wheels = [
    { url = "https://files.pythonhosted.org/packages/3c/f3/d22f545d7b760b73b70c965117be26aac07820f35e58978c80d4943b708c/scipy-1.7.3-1-cp38-cp38-macosx_12_0_arm64.whl", hash = "sha256:b0e0aeb061a1d7dcd2ed59ea57ee56c9b23dd60100825f98238c06ee5cc4467e", size = 26922238, upload-time = "2021-11-29T02:34:37.475Z" },
    { url = "https://files.pythonhosted.org/packages/f9/7a/e872395711a1d5a571751153d5e4f81f316716ce50563dc263d365ce9251/scipy-1.7.3-1-cp39-cp39-macosx_12_0_arm64.whl", hash = "sha256:b78a35c5c74d336f42f44106174b9851c783184a85a3fe3e68857259b37b9ffb", size = 27026279, upload-time = "2021-11-29T02:34:41.522Z" },
    { url = "https://files.pythonhosted.org/packages/85/64/5dbe0daf0beb14c3cd4b9a3493c5dc1fda68d13ad3fe0b173be8032e3172/scipy-1.7.3-cp37-cp37m-macosx_10_9_x86_64.whl", hash = "sha256:033ce76ed4e9f62923e1f8124f7e2b0800db533828c853b402c7eec6e9465d80", size = 32954212, upload-time = "2021-11-24T16:08:03.132Z" },
    { url = "https://files.pythonhosted.org/packages/26/95/9f31b17536576bef58dc45095f9e75a6d737039b6f03a1106cc4923ecd37/scipy-1.7.3-cp37-cp37m-manylinux_2_12_i686.manylinux2010_i686.whl", hash = "sha256:4d242d13206ca4302d83d8a6388c9dfce49fc48fdd3c20efad89ba12f785bf9e", size = 33763763, upload-time = "2021-11-24T16:08:08.03Z" },
    { url = "https://files.pythonhosted.org/packages/58/4f/11f34cfc57ead25752a7992b069c36f5d18421958ebd6466ecd849aeaf86/scipy-1.7.3-cp37-cp37m-manylinux_2_12_x86_64.manylinux2010_x86_64.whl", hash = "sha256:8499d9dd1459dc0d0fe68db0832c3d5fc1361ae8e13d05e6849b358dc3f2c279", size = 38121069, upload-time = "2021-11-24T16:08:12.903Z" },
    { url = "https://files.pythonhosted.org/packages/b3/15/af1dcdd4de821212d5d3c8892d8042181c48efd34dbc5713d84f41d67c8c/scipy-1.7.3-cp37-cp37m-manylinux_2_17_aarch64.manylinux2014_aarch64.whl", hash = "sha256:ca36e7d9430f7481fc7d11e015ae16fbd5575615a8e9060538104778be84addf", size = 36099230, upload-time = "2021-11-24T16:08:18.564Z" },
    { url = "https://files.pythonhosted.org/packages/53/0f/e20b9a9ee2560bb233878dfad66ad7643fcd0484c579da0f82533b811fe7/scipy-1.7.3-cp37-cp37m-win32.whl", hash = "sha256:e2c036492e673aad1b7b0d0ccdc0cb30a968353d2c4bf92ac8e73509e1bf212c", size = 30643774, upload-time = "2021-11-24T16:08:22.811Z" },
    { url = "https://files.pythonhosted.org/packages/40/69/4af412d078cef2298f7d90546fa0e03e65a032558bd85319239c72ae0c3c/scipy-1.7.3-cp37-cp37m-win_amd64.whl", hash = "sha256:866ada14a95b083dd727a845a764cf95dd13ba3dc69a16b99038001b05439709", size = 34101672, upload-time = "2021-11-24T16:08:28.086Z" },
    { url = "https://files.pythonhosted.org/packages/5a/87/97375b35bdeb839487575f5eadac107fdfdcdaede6de139042657e1cfd44/scipy-1.7.3-cp38-cp38-macosx_10_9_x86_64.whl", hash = "sha256:65bd52bf55f9a1071398557394203d881384d27b9c2cad7df9a027170aeaef93", size = 33022666, upload-time = "2021-11-24T16:08:32.308Z" },
    { url = "https://files.pythonhosted.org/packages/e3/c8/1fdbdd0ef6712eddca6911f5130c3eb4fc58912e48bea53014b94033b48f/scipy-1.7.3-cp38-cp38-macosx_12_0_arm64.whl", hash = "sha256:f99d206db1f1ae735a8192ab93bd6028f3a42f6fa08467d37a14eb96c9dd34a3", size = 26920936, upload-time = "2021-11-24T16:08:36.223Z" },
    { url = "https://files.pythonhosted.org/packages/ce/cd/255622ddfc48be44212b91b22616995c9a3051a00fbfb41d7a38bf5f4151/scipy-1.7.3-cp38-cp38-manylinux_2_12_i686.manylinux2010_i686.whl", hash = "sha256:5f2cfc359379c56b3a41b17ebd024109b2049f878badc1e454f31418c3a18436", size = 34318047, upload-time = "2021-11-24T16:08:40.033Z" },
    { url = "https://files.pythonhosted.org/packages/ec/5e/6bfc7e77cf54ba51e5ec8e83ee6fe9c5f1b4b3e2d233925f2c322fa704bd/scipy-1.7.3-cp38-cp38-manylinux_2_17_aarch64.manylinux2014_aarch64.whl", hash = "sha256:eb7ae2c4dbdb3c9247e07acc532f91077ae6dbc40ad5bd5dca0bb5a176ee9bda", size = 36806279, upload-time = "2021-11-24T16:08:44.301Z" },
    { url = "https://files.pythonhosted.org/packages/f8/3d/26a75c8045181c2fab9c76936ca84318a6674707e33e42c727c1d84f1df4/scipy-1.7.3-cp38-cp38-manylinux_2_17_x86_64.manylinux2014_x86_64.whl", hash = "sha256:95c2d250074cfa76715d58830579c64dff7354484b284c2b8b87e5a38321672c", size = 39251778, upload-time = "2021-11-24T16:08:49.055Z" },
    { url = "https://files.pythonhosted.org/packages/74/1c/e35da98edce8e1087fe9d710b328fbe91e2f2cc43f2e6e7f235ff22da5df/scipy-1.7.3-cp38-cp38-win32.whl", hash = "sha256:87069cf875f0262a6e3187ab0f419f5b4280d3dcf4811ef9613c605f6e4dca95", size = 30739935, upload-time = "2021-11-24T16:08:53.097Z" },
    { url = "https://files.pythonhosted.org/packages/b9/23/8c13a8973f5f695577f396fc2a6a920d00e91727bff173c48d03d1732a78/scipy-1.7.3-cp38-cp38-win_amd64.whl", hash = "sha256:7edd9a311299a61e9919ea4192dd477395b50c014cdc1a1ac572d7c27e2207fa", size = 34227804, upload-time = "2021-11-24T16:08:57.038Z" },
    { url = "https://files.pythonhosted.org/packages/40/d4/5fb5b45921595537d62018e7683a814001801cb9bfd3d9e1519e247c9f51/scipy-1.7.3-cp39-cp39-macosx_10_9_x86_64.whl", hash = "sha256:eef93a446114ac0193a7b714ce67659db80caf940f3232bad63f4c7a81bc18df", size = 33185551, upload-time = "2021-11-24T16:09:01.044Z" },
    { url = "https://files.pythonhosted.org/packages/42/99/df116d635aac9c33598ff800d61a48e0a62f2f5040381baa0e100a34674e/scipy-1.7.3-cp39-cp39-macosx_12_0_arm64.whl", hash = "sha256:eb326658f9b73c07081300daba90a8746543b5ea177184daed26528273157294", size = 27024899, upload-time = "2021-11-24T16:09:05.383Z" },
    { url = "https://files.pythonhosted.org/packages/8d/95/91a97cfd4fd4cae1b987cb1eef2a19988d9fe6ed888ccebc930fa09ca07d/scipy-1.7.3-cp39-cp39-manylinux_2_12_i686.manylinux2010_i686.whl", hash = "sha256:93378f3d14fff07572392ce6a6a2ceb3a1f237733bd6dcb9eb6a2b29b0d19085", size = 34528657, upload-time = "2021-11-24T16:09:11.068Z" },
    { url = "https://files.pythonhosted.org/packages/e8/5f/0225a279d4bd94747651334a1c5c5a73653f32c5b901a07f69fa19196982/scipy-1.7.3-cp39-cp39-manylinux_2_17_aarch64.manylinux2014_aarch64.whl", hash = "sha256:edad1cf5b2ce1912c4d8ddad20e11d333165552aba262c882e28c78bbc09dbf6", size = 36613337, upload-time = "2021-11-24T16:09:16.576Z" },
    { url = "https://files.pythonhosted.org/packages/ab/66/407b91025b5243f048e3a8498d2d427c97a3eb05313022cece2783ccbd80/scipy-1.7.3-cp39-cp39-manylinux_2_17_x86_64.manylinux2014_x86_64.whl", hash = "sha256:5d1cc2c19afe3b5a546ede7e6a44ce1ff52e443d12b231823268019f608b9b12", size = 39798922, upload-time = "2021-11-24T16:09:20.798Z" },
    { url = "https://files.pythonhosted.org/packages/89/16/d8025f3505c27aff45ea27a1613adf2db8b633fee284ab97cda6448de50e/scipy-1.7.3-cp39-cp39-win32.whl", hash = "sha256:2c56b820d304dffcadbbb6cbfbc2e2c79ee46ea291db17e288e73cd3c64fefa9", size = 30782990, upload-time = "2021-11-24T16:09:24.737Z" },
    { url = "https://files.pythonhosted.org/packages/29/25/e0eda0ef1ed93f5254078937062e08f9eb3b78220dd3564790569e98c45c/scipy-1.7.3-cp39-cp39-win_amd64.whl", hash = "sha256:3f78181a153fa21c018d346f595edd648344751d7f03ab94b398be2ad083ed3e", size = 34273586, upload-time = "2021-11-24T16:09:28.619Z" },
]

[[package]]
name = "six"
version = "1.17.0"
source = { registry = "https://pypi.org/simple" }
sdist = { url = "https://files.pythonhosted.org/packages/94/e7/b2c673351809dca68a0e064b6af791aa332cf192da575fd474ed7d6f16a2/six-1.17.0.tar.gz", hash = "sha256:ff70335d468e7eb6ec65b95b99d3a2836546063f63acc5171de367e834932a81", size = 34031, upload-time = "2024-12-04T17:35:28.174Z" }
wheels = [
    { url = "https://files.pythonhosted.org/packages/b7/ce/149a00dd41f10bc29e5921b496af8b574d8413afcd5e30dfa0ed46c2cc5e/six-1.17.0-py2.py3-none-any.whl", hash = "sha256:4721f391ed90541fddacab5acf947aa0d3dc7d27b2e1e8eda2be8970586c3274", size = 11050, upload-time = "2024-12-04T17:35:26.475Z" },
]

[[package]]
name = "threadpoolctl"
version = "3.1.0"
source = { registry = "https://pypi.org/simple" }
resolution-markers = [
    "python_full_version >= '3.7.1' and python_full_version < '3.8' and platform_machine != 'aarch64' and platform_machine != 'arm64'",
    "python_full_version >= '3.7.1' and python_full_version < '3.8' and platform_machine == 'aarch64'",
    "python_full_version >= '3.7.1' and python_full_version < '3.8' and platform_machine == 'arm64'",
    "python_full_version < '3.7.1'",
]
sdist = { url = "https://files.pythonhosted.org/packages/1b/c7/3d85f8b3894ba7228d0c74e16e97a36a72b2cd2b0e0f8f89b5d435d11f71/threadpoolctl-3.1.0.tar.gz", hash = "sha256:a335baacfaa4400ae1f0d8e3a58d6674d2f8828e3716bb2802c44955ad391380", size = 33651, upload-time = "2022-01-31T16:31:55.587Z" }
wheels = [
    { url = "https://files.pythonhosted.org/packages/61/cf/6e354304bcb9c6413c4e02a747b600061c21d38ba51e7e544ac7bc66aecc/threadpoolctl-3.1.0-py3-none-any.whl", hash = "sha256:8b99adda265feb6773280df41eece7b2e6561b772d21ffd52e372f999024907b", size = 14928, upload-time = "2022-01-31T16:31:46.993Z" },
]

[[package]]
name = "threadpoolctl"
version = "3.5.0"
source = { registry = "https://pypi.org/simple" }
resolution-markers = [
    "python_full_version == '3.8.*' and platform_machine != 'aarch64' and platform_machine != 'arm64'",
    "python_full_version == '3.8.*' and platform_machine == 'aarch64'",
    "python_full_version == '3.8.*' and platform_machine == 'arm64'",
]
sdist = { url = "https://files.pythonhosted.org/packages/bd/55/b5148dcbf72f5cde221f8bfe3b6a540da7aa1842f6b491ad979a6c8b84af/threadpoolctl-3.5.0.tar.gz", hash = "sha256:082433502dd922bf738de0d8bcc4fdcbf0979ff44c42bd40f5af8a282f6fa107", size = 41936, upload-time = "2024-04-29T13:50:16.544Z" }
wheels = [
    { url = "https://files.pythonhosted.org/packages/4b/2c/ffbf7a134b9ab11a67b0cf0726453cedd9c5043a4fe7a35d1cefa9a1bcfb/threadpoolctl-3.5.0-py3-none-any.whl", hash = "sha256:56c1e26c150397e58c4926da8eeee87533b1e32bef131bd4bf6a2f45f3185467", size = 18414, upload-time = "2024-04-29T13:50:14.014Z" },
]

[[package]]
name = "threadpoolctl"
version = "3.6.0"
source = { registry = "https://pypi.org/simple" }
resolution-markers = [
    "python_full_version >= '3.9' and platform_machine != 'aarch64' and platform_machine != 'arm64'",
    "python_full_version >= '3.9' and platform_machine == 'aarch64'",
    "python_full_version >= '3.9' and platform_machine == 'arm64'",
]
sdist = { url = "https://files.pythonhosted.org/packages/b7/4d/08c89e34946fce2aec4fbb45c9016efd5f4d7f24af8e5d93296e935631d8/threadpoolctl-3.6.0.tar.gz", hash = "sha256:8ab8b4aa3491d812b623328249fab5302a68d2d71745c8a4c719a2fcaba9f44e", size = 21274, upload-time = "2025-03-13T13:49:23.031Z" }
wheels = [
    { url = "https://files.pythonhosted.org/packages/32/d5/f9a850d79b0851d1d4ef6456097579a9005b31fea68726a4ae5f2d82ddd9/threadpoolctl-3.6.0-py3-none-any.whl", hash = "sha256:43a0b8fd5a2928500110039e43a5eed8480b918967083ea48dc3ab9f13c4a7fb", size = 18638, upload-time = "2025-03-13T13:49:21.846Z" },
]

[[package]]
name = "torch"
version = "1.7.1"
source = { registry = "https://pypi.org/simple" }
dependencies = [
    { name = "numpy" },
    { name = "typing-extensions", version = "4.7.1", source = { registry = "https://pypi.org/simple" }, marker = "python_full_version < '3.8'" },
    { name = "typing-extensions", version = "4.13.2", source = { registry = "https://pypi.org/simple" }, marker = "python_full_version >= '3.8'" },
]
wheels = [
    { url = "https://files.pythonhosted.org/packages/90/5d/095ddddc91c8a769a68c791c019c5793f9c4456a688ddd235d6670924ecb/torch-1.7.1-cp37-cp37m-manylinux1_x86_64.whl", hash = "sha256:5d76c255a41484c1d41a9ff570b9c9f36cb85df9428aa15a58ae16ac7cfc2ea6", size = 776803795, upload-time = "2020-12-10T16:23:37.812Z" },
    { url = "https://files.pythonhosted.org/packages/5d/9f/68a18d38927ccf56f30062344b2f1e439dc293610711958b249c0a1f7606/torch-1.7.1-cp37-cp37m-win_amd64.whl", hash = "sha256:d241c3f1c4d563e4ba86f84769c23e12606db167ee6f674eedff6d02901462e3", size = 184115601, upload-time = "2020-12-10T17:41:22.93Z" },
    { url = "https://files.pythonhosted.org/packages/96/5f/d2157c05a2ff941a5c221982c28311802e1cde3c1b0279fc5cac17b0f39f/torch-1.7.1-cp37-none-macosx_10_9_x86_64.whl", hash = "sha256:de84b4166e3f7335eb868b51d3bbd909ec33828af27290b4171bce832a55be3c", size = 108839550, upload-time = "2020-12-10T16:20:02.781Z" },
    { url = "https://files.pythonhosted.org/packages/1d/a9/f349273a0327fdf20a73188c9c3aa7dbce68f86fad422eadd366fd2ed7a0/torch-1.7.1-cp38-cp38-manylinux1_x86_64.whl", hash = "sha256:dd2fc6880c95e836960d86efbbc7f63d3287f2e1893c51d31f96dbfe02f0d73e", size = 776818711, upload-time = "2020-12-10T16:25:21.071Z" },
    { url = "https://files.pythonhosted.org/packages/b3/d1/a5eaef4fadbee9e31133b364a143aab54133fee5e6087e84c6a8f883b0f1/torch-1.7.1-cp38-cp38-win_amd64.whl", hash = "sha256:e000b94be3aa58ad7f61e7d07cf379ea9366cf6c6874e68bd58ad0bdc537b3a7", size = 183980659, upload-time = "2020-12-10T17:41:37.888Z" },
    { url = "https://files.pythonhosted.org/packages/19/6f/19213dd7c209acdd7f4a0b5a48cf47a117e6676704b0ed1831acc13f620a/torch-1.7.1-cp38-none-macosx_10_9_x86_64.whl", hash = "sha256:2e49cac969976be63117004ee00d0a3e3dd4ea662ad77383f671b8992825de1a", size = 108899856, upload-time = "2020-12-10T16:20:20.805Z" },
    { url = "https://files.pythonhosted.org/packages/41/f4/4da4f26a04d93851e481e76ec17fed0d152a1691e8f1142ad763c9f07997/torch-1.7.1-cp39-cp39-manylinux1_x86_64.whl", hash = "sha256:a3793dcceb12b1e2281290cca1277c5ce86ddfd5bf044f654285a4d69057aea7", size = 776799344, upload-time = "2020-12-10T16:26:59.384Z" },
    { url = "https://files.pythonhosted.org/packages/d6/c1/70f2fd464a895844a9bf4cf1d93b09eb6cd5edf8274d19a7fed2ed6c4cc3/torch-1.7.1-cp39-cp39-win_amd64.whl", hash = "sha256:6652a767a0572ae0feb74ad128758e507afd3b8396b6e7f147e438ba8d4c6f63", size = 183990457, upload-time = "2020-12-10T17:41:51.722Z" },
    { url = "https://files.pythonhosted.org/packages/79/c8/7f7843dcbaf2263918d257e8022770be577a3d7587dd0ddf8171947eabb4/torch-1.7.1-cp39-none-macosx_10_9_x86_64.whl", hash = "sha256:38d67f4fb189a92a977b2c0a38e4f6dd413e0bf55aa6d40004696df7e40a71ff", size = 109993523, upload-time = "2020-12-10T16:20:36.388Z" },
]

[[package]]
name = "typing-extensions"
version = "4.7.1"
source = { registry = "https://pypi.org/simple" }
resolution-markers = [
    "python_full_version >= '3.7.1' and python_full_version < '3.8' and platform_machine != 'aarch64' and platform_machine != 'arm64'",
    "python_full_version >= '3.7.1' and python_full_version < '3.8' and platform_machine == 'aarch64'",
    "python_full_version >= '3.7.1' and python_full_version < '3.8' and platform_machine == 'arm64'",
    "python_full_version < '3.7.1'",
]
sdist = { url = "https://files.pythonhosted.org/packages/3c/8b/0111dd7d6c1478bf83baa1cab85c686426c7a6274119aceb2bd9d35395ad/typing_extensions-4.7.1.tar.gz", hash = "sha256:b75ddc264f0ba5615db7ba217daeb99701ad295353c45f9e95963337ceeeffb2", size = 72876, upload-time = "2023-07-02T14:20:55.045Z" }
wheels = [
    { url = "https://files.pythonhosted.org/packages/ec/6b/63cc3df74987c36fe26157ee12e09e8f9db4de771e0f3404263117e75b95/typing_extensions-4.7.1-py3-none-any.whl", hash = "sha256:440d5dd3af93b060174bf433bccd69b0babc3b15b1a8dca43789fd7f61514b36", size = 33232, upload-time = "2023-07-02T14:20:53.275Z" },
]

[[package]]
name = "typing-extensions"
version = "4.13.2"
source = { registry = "https://pypi.org/simple" }
resolution-markers = [
    "python_full_version >= '3.9' and platform_machine != 'aarch64' and platform_machine != 'arm64'",
    "python_full_version >= '3.9' and platform_machine == 'aarch64'",
    "python_full_version >= '3.9' and platform_machine == 'arm64'",
    "python_full_version == '3.8.*' and platform_machine != 'aarch64' and platform_machine != 'arm64'",
    "python_full_version == '3.8.*' and platform_machine == 'aarch64'",
    "python_full_version == '3.8.*' and platform_machine == 'arm64'",
]
sdist = { url = "https://files.pythonhosted.org/packages/f6/37/23083fcd6e35492953e8d2aaaa68b860eb422b34627b13f2ce3eb6106061/typing_extensions-4.13.2.tar.gz", hash = "sha256:e6c81219bd689f51865d9e372991c540bda33a0379d5573cddb9a3a23f7caaef", size = 106967, upload-time = "2025-04-10T14:19:05.416Z" }
wheels = [
    { url = "https://files.pythonhosted.org/packages/8b/54/b1ae86c0973cc6f0210b53d508ca3641fb6d0c56823f288d108bc7ab3cc8/typing_extensions-4.13.2-py3-none-any.whl", hash = "sha256:a439e7c04b49fec3e5d3e2beaa21755cadbbdc391694e28ccdd36ca4a1408f8c", size = 45806, upload-time = "2025-04-10T14:19:03.967Z" },
]
