version = 1
revision = 2
requires-python = "==3.8.8"
resolution-markers = [
    "platform_machine != 'aarch64' and platform_machine != 'arm64'",
    "platform_machine == 'aarch64'",
    "platform_machine == 'arm64'",
]

[[package]]
name = "joblib"
version = "1.4.2"
source = { registry = "https://pypi.org/simple" }
sdist = { url = "https://files.pythonhosted.org/packages/64/33/60135848598c076ce4b231e1b1895170f45fbcaeaa2c9d5e38b04db70c35/joblib-1.4.2.tar.gz", hash = "sha256:2382c5816b2636fbd20a09e0f4e9dad4736765fdfb7dca582943b9c1366b3f0e", size = 2116621, upload_time = "2024-05-02T12:15:05.765Z" }
wheels = [
    { url = "https://files.pythonhosted.org/packages/91/29/df4b9b42f2be0b623cbd5e2140cafcaa2bef0759a00b7b70104dcfe2fb51/joblib-1.4.2-py3-none-any.whl", hash = "sha256:06d478d5674cbc267e7496a410ee875abd68e4340feff4490bcb7afb88060ae6", size = 301817, upload_time = "2024-05-02T12:15:00.765Z" },
]

[[package]]
name = "numpy"
version = "1.19.2"
source = { registry = "https://pypi.org/simple" }
sdist = { url = "https://files.pythonhosted.org/packages/bf/e8/15aea783ea72e2d4e51e3ec365e8dc4a1a32c9e5eb3a6d695b0d58e67cdd/numpy-1.19.2.zip", hash = "sha256:0d310730e1e793527065ad7dde736197b705d0e4c9999775f212b03c44a8484c", size = 7310530, upload_time = "2020-09-10T18:08:42.078Z" }
wheels = [
    { url = "https://files.pythonhosted.org/packages/33/1a/d10d1c23d21c289a3e87e751a9daf0907e91665cab08d0c35033fd4f5b55/numpy-1.19.2-cp38-cp38-macosx_10_9_x86_64.whl", hash = "sha256:58d66a6b3b55178a1f8a5fe98df26ace76260a70de694d99577ddeab7eaa9a9d", size = 15307425, upload_time = "2020-09-10T18:00:26.054Z" },
    { url = "https://files.pythonhosted.org/packages/73/b2/c5dab0a0bcb192d41811564b0417476f203265d9e73822ff4c44673d0753/numpy-1.19.2-cp38-cp38-manylinux1_i686.whl", hash = "sha256:59f3d687faea7a4f7f93bd9665e5b102f32f3fa28514f15b126f099b7997203d", size = 11503472, upload_time = "2020-09-10T18:01:07.386Z" },
    { url = "https://files.pythonhosted.org/packages/41/6e/919522a6e1d067ddb5959c5716a659a05719e2f27487695d2a539b51d66e/numpy-1.19.2-cp38-cp38-manylinux1_x86_64.whl", hash = "sha256:cebd4f4e64cfe87f2039e4725781f6326a61f095bc77b3716502bed812b385a9", size = 13345426, upload_time = "2020-09-10T18:01:54.225Z" },
    { url = "https://files.pythonhosted.org/packages/80/f9/283e40b38a6491e4b8629a35181b03340109e8b8e81944c7e21a407e76d9/numpy-1.19.2-cp38-cp38-manylinux2010_i686.whl", hash = "sha256:c35a01777f81e7333bcf276b605f39c872e28295441c265cd0c860f4b40148c1", size = 12325670, upload_time = "2020-09-10T18:02:38.243Z" },
    { url = "https://files.pythonhosted.org/packages/b6/e1/2a184131468baa3894629785ff2f9edc6a1dd3b87d3b8b343d4e68e4d542/numpy-1.19.2-cp38-cp38-manylinux2010_x86_64.whl", hash = "sha256:d7ac33585e1f09e7345aa902c281bd777fdb792432d27fca857f39b70e5dd31c", size = 14531778, upload_time = "2020-09-10T18:03:29.608Z" },
    { url = "https://files.pythonhosted.org/packages/9c/16/c092faaaf8ce348243ad9e60345799945d83b62c8dd20f26ab0ad9ee4a09/numpy-1.19.2-cp38-cp38-manylinux2014_aarch64.whl", hash = "sha256:04c7d4ebc5ff93d9822075ddb1751ff392a4375e5885299445fcebf877f179d5", size = 12222903, upload_time = "2020-09-10T18:04:12.731Z" },
    { url = "https://files.pythonhosted.org/packages/e1/9d/836a92dc2b1cfbeeed869aa80501e03b423461d043366becb576e20ea6da/numpy-1.19.2-cp38-cp38-win32.whl", hash = "sha256:51ee93e1fac3fe08ef54ff1c7f329db64d8a9c5557e6c8e908be9497ac76374b", size = 10927282, upload_time = "2020-09-10T18:04:51.27Z" },
    { url = "https://files.pythonhosted.org/packages/69/89/d8fc61a51ded540bd4b8859510b4ae44a0762c8b61dd81eb2c36f5e853ef/numpy-1.19.2-cp38-cp38-win_amd64.whl", hash = "sha256:1669ec8e42f169ff715a904c9b2105b6640f3f2a4c4c2cb4920ae8b2785dac65", size = 12975533, upload_time = "2020-09-10T18:05:37.417Z" },
]

[[package]]
name = "pandas"
version = "1.1.5"
source = { registry = "https://pypi.org/simple" }
resolution-markers = [
    "platform_machine == 'arm64'",
]
dependencies = [
    { name = "numpy", marker = "platform_machine == 'arm64'" },
    { name = "python-dateutil", marker = "platform_machine == 'arm64'" },
    { name = "pytz", marker = "platform_machine == 'arm64'" },
]
sdist = { url = "https://files.pythonhosted.org/packages/fb/e4/828bb9c2474ff6016e5ce96a78220d485436d5468c23068f4f6c2eb9cff8/pandas-1.1.5.tar.gz", hash = "sha256:f10fc41ee3c75a474d3bdf68d396f10782d013d7f67db99c0efbfd0acb99701b", size = 5229894, upload_time = "2020-12-07T15:11:10.49Z" }
wheels = [
    { url = "https://files.pythonhosted.org/packages/97/7f/865e78beaac43e57b7dd066cc28cd85a2b5687334188dbeca439bf13845b/pandas-1.1.5-cp38-cp38-manylinux2014_aarch64.whl", hash = "sha256:0a643bae4283a37732ddfcecab3f62dd082996021b980f580903f4e8e01b3c5b", size = 9647042, upload_time = "2020-12-07T15:10:08.56Z" },
]

[[package]]
name = "pandas"
version = "1.3.5"
source = { registry = "https://pypi.org/simple" }
resolution-markers = [
    "platform_machine != 'aarch64' and platform_machine != 'arm64'",
    "platform_machine == 'aarch64'",
]
dependencies = [
    { name = "numpy", marker = "platform_machine != 'arm64'" },
    { name = "python-dateutil", marker = "platform_machine != 'arm64'" },
    { name = "pytz", marker = "platform_machine != 'arm64'" },
]
sdist = { url = "https://files.pythonhosted.org/packages/99/f0/f99700ef327e51d291efdf4a6de29e685c4d198cbf8531541fc84d169e0e/pandas-1.3.5.tar.gz", hash = "sha256:1e4285f5de1012de20ca46b188ccf33521bff61ba5c5ebd78b4fb28e5416a9f1", size = 4736591, upload_time = "2021-12-12T14:46:59.173Z" }
wheels = [
    { url = "https://files.pythonhosted.org/packages/c7/4f/154ccb493f76514a158b881c7c4995c8529b7d041612801eba633c2581bf/pandas-1.3.5-cp38-cp38-macosx_10_9_x86_64.whl", hash = "sha256:fe95bae4e2d579812865db2212bb733144e34d0c6785c0685329e5b60fcb85dd", size = 11179803, upload_time = "2021-12-12T14:43:31.76Z" },
    { url = "https://files.pythonhosted.org/packages/79/f3/d6ccc0699c540c0f9f6302a553eea1efd9133f2c2a746987a96bcc22c253/pandas-1.3.5-cp38-cp38-manylinux_2_17_aarch64.manylinux2014_aarch64.whl", hash = "sha256:5f261553a1e9c65b7a310302b9dbac31cf0049a51695c14ebe04e4bfd4a96f02", size = 10896053, upload_time = "2021-12-12T14:43:42.337Z" },
    { url = "https://files.pythonhosted.org/packages/a2/9b/c4879904ed1706883eb0b126f1f4baa0992dfd61ad2aac7a7af82f01b256/pandas-1.3.5-cp38-cp38-manylinux_2_17_x86_64.manylinux2014_x86_64.whl", hash = "sha256:8b6dbec5f3e6d5dc80dcfee250e0a2a652b3f28663492f7dab9a24416a48ac39", size = 11533670, upload_time = "2021-12-12T14:44:00.897Z" },
    { url = "https://files.pythonhosted.org/packages/5e/09/0ea554021747118e47002f99fbbd67fb1e8ed91c564aaab687a338a97177/pandas-1.3.5-cp38-cp38-manylinux_2_5_i686.manylinux1_i686.manylinux_2_17_i686.manylinux2014_i686.whl", hash = "sha256:d3bc49af96cd6285030a64779de5b3688633a07eb75c124b0747134a63f4c05f", size = 11632727, upload_time = "2021-12-12T14:44:11.819Z" },
    { url = "https://files.pythonhosted.org/packages/05/4a/abc3bd95179a45b1f29b1f973acde14bee48fab60bf483fa15e2521e013b/pandas-1.3.5-cp38-cp38-win32.whl", hash = "sha256:b6b87b2fb39e6383ca28e2829cddef1d9fc9e27e55ad91ca9c435572cdba51bf", size = 9082087, upload_time = "2021-12-12T14:44:22.902Z" },
    { url = "https://files.pythonhosted.org/packages/ba/9c/55bbffd9a2c55360eb2a1da5634f553d39db9df17da037989e2215c941b4/pandas-1.3.5-cp38-cp38-win_amd64.whl", hash = "sha256:a395692046fd8ce1edb4c6295c35184ae0c2bbe787ecbe384251da609e27edcb", size = 10192785, upload_time = "2021-12-12T14:44:35.364Z" },
]

[[package]]
name = "psychosis-fc-prediction"
version = "0.1.0"
source = { virtual = "." }
dependencies = [
    { name = "numpy" },
    { name = "pandas", version = "1.1.5", source = { registry = "https://pypi.org/simple" }, marker = "platform_machine == 'arm64'" },
    { name = "pandas", version = "1.3.5", source = { registry = "https://pypi.org/simple" }, marker = "platform_machine != 'arm64'" },
    { name = "scikit-learn" },
    { name = "scipy" },
    { name = "torch" },
]

[package.metadata]
requires-dist = [
    { name = "numpy", specifier = "==1.19.2" },
    { name = "pandas", specifier = ">=1.1.5" },
    { name = "scikit-learn", specifier = "==0.23.2" },
    { name = "scipy", specifier = "==1.7.3" },
    { name = "torch", specifier = "==1.7.1" },
]

[[package]]
name = "python-dateutil"
version = "2.9.0.post0"
source = { registry = "https://pypi.org/simple" }
dependencies = [
    { name = "six" },
]
sdist = { url = "https://files.pythonhosted.org/packages/66/c0/0c8b6ad9f17a802ee498c46e004a0eb49bc148f2fd230864601a86dcf6db/python-dateutil-2.9.0.post0.tar.gz", hash = "sha256:37dd54208da7e1cd875388217d5e00ebd4179249f90fb72437e91a35459a0ad3", size = 342432, upload_time = "2024-03-01T18:36:20.211Z" }
wheels = [
    { url = "https://files.pythonhosted.org/packages/ec/57/56b9bcc3c9c6a792fcbaf139543cee77261f3651ca9da0c93f5c1221264b/python_dateutil-2.9.0.post0-py2.py3-none-any.whl", hash = "sha256:a8b2bc7bffae282281c8140a97d3aa9c14da0b136dfe83f850eea9a5f7470427", size = 229892, upload_time = "2024-03-01T18:36:18.57Z" },
]

[[package]]
name = "pytz"
version = "2025.2"
source = { registry = "https://pypi.org/simple" }
sdist = { url = "https://files.pythonhosted.org/packages/f8/bf/abbd3cdfb8fbc7fb3d4d38d320f2441b1e7cbe29be4f23797b4a2b5d8aac/pytz-2025.2.tar.gz", hash = "sha256:360b9e3dbb49a209c21ad61809c7fb453643e048b38924c765813546746e81c3", size = 320884, upload_time = "2025-03-25T02:25:00.538Z" }
wheels = [
    { url = "https://files.pythonhosted.org/packages/81/c4/34e93fe5f5429d7570ec1fa436f1986fb1f00c3e0f43a589fe2bbcd22c3f/pytz-2025.2-py2.py3-none-any.whl", hash = "sha256:5ddf76296dd8c44c26eb8f4b6f35488f3ccbf6fbbd7adee0b7262d43f0ec2f00", size = 509225, upload_time = "2025-03-25T02:24:58.468Z" },
]

[[package]]
name = "scikit-learn"
version = "0.23.2"
source = { registry = "https://pypi.org/simple" }
dependencies = [
    { name = "joblib" },
    { name = "numpy" },
    { name = "scipy" },
    { name = "threadpoolctl" },
]
sdist = { url = "https://files.pythonhosted.org/packages/aa/f6/75297be19f48b7a8c2577753a3a700f98fc4db49d0e5ed3820dd8dee43d4/scikit-learn-0.23.2.tar.gz", hash = "sha256:20766f515e6cd6f954554387dfae705d93c7b544ec0e6c6a5d8e006f6f7ef480", size = 7155833, upload_time = "2020-08-04T13:00:37.682Z" }
wheels = [
    { url = "https://files.pythonhosted.org/packages/a4/8f/473b2929d63b3e1eafc83e27300091c7822fb5939f259b3ad6a042297290/scikit_learn-0.23.2-cp38-cp38-macosx_10_9_x86_64.whl", hash = "sha256:7671bbeddd7f4f9a6968f3b5442dac5f22bf1ba06709ef888cc9132ad354a9ab", size = 7180257, upload_time = "2020-08-04T13:00:15.739Z" },
    { url = "https://files.pythonhosted.org/packages/61/5a/ae89fca28a134fc8cd7a60ff0622a10cb7b5709fa31a077b8646d5e6b81c/scikit_learn-0.23.2-cp38-cp38-manylinux1_i686.whl", hash = "sha256:d0dcaa54263307075cb93d0bee3ceb02821093b1b3d25f66021987d305d01dce", size = 6442277, upload_time = "2020-08-04T13:00:20.826Z" },
    { url = "https://files.pythonhosted.org/packages/7f/c1/e19f767594035028b6ab88010742300ce5fcbdfeff051fc9afffcbebf644/scikit_learn-0.23.2-cp38-cp38-manylinux1_x86_64.whl", hash = "sha256:5ce7a8021c9defc2b75620571b350acc4a7d9763c25b7593621ef50f3bd019a2", size = 6757586, upload_time = "2020-08-04T13:00:25.126Z" },
    { url = "https://files.pythonhosted.org/packages/f4/f1/eb2c04ec65461cbf292293908d8cddc05dadce164f94b45345cc4807f812/scikit_learn-0.23.2-cp38-cp38-win32.whl", hash = "sha256:0d39748e7c9669ba648acf40fb3ce96b8a07b240db6888563a7cb76e05e0d9cc", size = 5952546, upload_time = "2020-08-04T13:00:29.073Z" },
    { url = "https://files.pythonhosted.org/packages/d6/04/ea17391926a03db3dd7c41d2090b7f4394b3be4be55fef49d6a5a6f3d796/scikit_learn-0.23.2-cp38-cp38-win_amd64.whl", hash = "sha256:1b8a391de95f6285a2f9adffb7db0892718950954b7149a70c783dc848f104ea", size = 6830999, upload_time = "2020-08-04T13:00:33.178Z" },
]

[[package]]
name = "scipy"
version = "1.7.3"
source = { registry = "https://pypi.org/simple" }
dependencies = [
    { name = "numpy" },
]
sdist = { url = "https://files.pythonhosted.org/packages/61/67/1a654b96309c991762ee9bc39c363fc618076b155fe52d295211cf2536c7/scipy-1.7.3.tar.gz", hash = "sha256:ab5875facfdef77e0a47d5fd39ea178b58e60e454a4c85aa1e52fcb80db7babf", size = 36102562, upload_time = "2021-11-24T16:14:11.065Z" }
wheels = [
    { url = "https://files.pythonhosted.org/packages/3c/f3/d22f545d7b760b73b70c965117be26aac07820f35e58978c80d4943b708c/scipy-1.7.3-1-cp38-cp38-macosx_12_0_arm64.whl", hash = "sha256:b0e0aeb061a1d7dcd2ed59ea57ee56c9b23dd60100825f98238c06ee5cc4467e", size = 26922238, upload_time = "2021-11-29T02:34:37.475Z" },
    { url = "https://files.pythonhosted.org/packages/5a/87/97375b35bdeb839487575f5eadac107fdfdcdaede6de139042657e1cfd44/scipy-1.7.3-cp38-cp38-macosx_10_9_x86_64.whl", hash = "sha256:65bd52bf55f9a1071398557394203d881384d27b9c2cad7df9a027170aeaef93", size = 33022666, upload_time = "2021-11-24T16:08:32.308Z" },
    { url = "https://files.pythonhosted.org/packages/e3/c8/1fdbdd0ef6712eddca6911f5130c3eb4fc58912e48bea53014b94033b48f/scipy-1.7.3-cp38-cp38-macosx_12_0_arm64.whl", hash = "sha256:f99d206db1f1ae735a8192ab93bd6028f3a42f6fa08467d37a14eb96c9dd34a3", size = 26920936, upload_time = "2021-11-24T16:08:36.223Z" },
    { url = "https://files.pythonhosted.org/packages/ce/cd/255622ddfc48be44212b91b22616995c9a3051a00fbfb41d7a38bf5f4151/scipy-1.7.3-cp38-cp38-manylinux_2_12_i686.manylinux2010_i686.whl", hash = "sha256:5f2cfc359379c56b3a41b17ebd024109b2049f878badc1e454f31418c3a18436", size = 34318047, upload_time = "2021-11-24T16:08:40.033Z" },
    { url = "https://files.pythonhosted.org/packages/ec/5e/6bfc7e77cf54ba51e5ec8e83ee6fe9c5f1b4b3e2d233925f2c322fa704bd/scipy-1.7.3-cp38-cp38-manylinux_2_17_aarch64.manylinux2014_aarch64.whl", hash = "sha256:eb7ae2c4dbdb3c9247e07acc532f91077ae6dbc40ad5bd5dca0bb5a176ee9bda", size = 36806279, upload_time = "2021-11-24T16:08:44.301Z" },
    { url = "https://files.pythonhosted.org/packages/f8/3d/26a75c8045181c2fab9c76936ca84318a6674707e33e42c727c1d84f1df4/scipy-1.7.3-cp38-cp38-manylinux_2_17_x86_64.manylinux2014_x86_64.whl", hash = "sha256:95c2d250074cfa76715d58830579c64dff7354484b284c2b8b87e5a38321672c", size = 39251778, upload_time = "2021-11-24T16:08:49.055Z" },
    { url = "https://files.pythonhosted.org/packages/74/1c/e35da98edce8e1087fe9d710b328fbe91e2f2cc43f2e6e7f235ff22da5df/scipy-1.7.3-cp38-cp38-win32.whl", hash = "sha256:87069cf875f0262a6e3187ab0f419f5b4280d3dcf4811ef9613c605f6e4dca95", size = 30739935, upload_time = "2021-11-24T16:08:53.097Z" },
    { url = "https://files.pythonhosted.org/packages/b9/23/8c13a8973f5f695577f396fc2a6a920d00e91727bff173c48d03d1732a78/scipy-1.7.3-cp38-cp38-win_amd64.whl", hash = "sha256:7edd9a311299a61e9919ea4192dd477395b50c014cdc1a1ac572d7c27e2207fa", size = 34227804, upload_time = "2021-11-24T16:08:57.038Z" },
]

[[package]]
name = "six"
version = "1.17.0"
source = { registry = "https://pypi.org/simple" }
sdist = { url = "https://files.pythonhosted.org/packages/94/e7/b2c673351809dca68a0e064b6af791aa332cf192da575fd474ed7d6f16a2/six-1.17.0.tar.gz", hash = "sha256:ff70335d468e7eb6ec65b95b99d3a2836546063f63acc5171de367e834932a81", size = 34031, upload_time = "2024-12-04T17:35:28.174Z" }
wheels = [
    { url = "https://files.pythonhosted.org/packages/b7/ce/149a00dd41f10bc29e5921b496af8b574d8413afcd5e30dfa0ed46c2cc5e/six-1.17.0-py2.py3-none-any.whl", hash = "sha256:4721f391ed90541fddacab5acf947aa0d3dc7d27b2e1e8eda2be8970586c3274", size = 11050, upload_time = "2024-12-04T17:35:26.475Z" },
]

[[package]]
name = "threadpoolctl"
version = "3.5.0"
source = { registry = "https://pypi.org/simple" }
sdist = { url = "https://files.pythonhosted.org/packages/bd/55/b5148dcbf72f5cde221f8bfe3b6a540da7aa1842f6b491ad979a6c8b84af/threadpoolctl-3.5.0.tar.gz", hash = "sha256:082433502dd922bf738de0d8bcc4fdcbf0979ff44c42bd40f5af8a282f6fa107", size = 41936, upload_time = "2024-04-29T13:50:16.544Z" }
wheels = [
    { url = "https://files.pythonhosted.org/packages/4b/2c/ffbf7a134b9ab11a67b0cf0726453cedd9c5043a4fe7a35d1cefa9a1bcfb/threadpoolctl-3.5.0-py3-none-any.whl", hash = "sha256:56c1e26c150397e58c4926da8eeee87533b1e32bef131bd4bf6a2f45f3185467", size = 18414, upload_time = "2024-04-29T13:50:14.014Z" },
]

[[package]]
name = "torch"
version = "1.7.1"
source = { registry = "https://pypi.org/simple" }
dependencies = [
    { name = "numpy" },
    { name = "typing-extensions" },
]
wheels = [
    { url = "https://files.pythonhosted.org/packages/1d/a9/f349273a0327fdf20a73188c9c3aa7dbce68f86fad422eadd366fd2ed7a0/torch-1.7.1-cp38-cp38-manylinux1_x86_64.whl", hash = "sha256:dd2fc6880c95e836960d86efbbc7f63d3287f2e1893c51d31f96dbfe02f0d73e", size = 776818711, upload_time = "2020-12-10T16:25:21.071Z" },
    { url = "https://files.pythonhosted.org/packages/b3/d1/a5eaef4fadbee9e31133b364a143aab54133fee5e6087e84c6a8f883b0f1/torch-1.7.1-cp38-cp38-win_amd64.whl", hash = "sha256:e000b94be3aa58ad7f61e7d07cf379ea9366cf6c6874e68bd58ad0bdc537b3a7", size = 183980659, upload_time = "2020-12-10T17:41:37.888Z" },
    { url = "https://files.pythonhosted.org/packages/19/6f/19213dd7c209acdd7f4a0b5a48cf47a117e6676704b0ed1831acc13f620a/torch-1.7.1-cp38-none-macosx_10_9_x86_64.whl", hash = "sha256:2e49cac969976be63117004ee00d0a3e3dd4ea662ad77383f671b8992825de1a", size = 108899856, upload_time = "2020-12-10T16:20:20.805Z" },
]

[[package]]
name = "typing-extensions"
version = "4.13.2"
source = { registry = "https://pypi.org/simple" }
sdist = { url = "https://files.pythonhosted.org/packages/f6/37/23083fcd6e35492953e8d2aaaa68b860eb422b34627b13f2ce3eb6106061/typing_extensions-4.13.2.tar.gz", hash = "sha256:e6c81219bd689f51865d9e372991c540bda33a0379d5573cddb9a3a23f7caaef", size = 106967, upload_time = "2025-04-10T14:19:05.416Z" }
wheels = [
    { url = "https://files.pythonhosted.org/packages/8b/54/b1ae86c0973cc6f0210b53d508ca3641fb6d0c56823f288d108bc7ab3cc8/typing_extensions-4.13.2-py3-none-any.whl", hash = "sha256:a439e7c04b49fec3e5d3e2beaa21755cadbbdc391694e28ccdd36ca4a1408f8c", size = 45806, upload_time = "2025-04-10T14:19:03.967Z" },
]
